// !$*UTF8*$!
{
	archiveVersion = 1;
	classes = {
	};
	objectVersion = 56;
	objects = {

/* Begin PBXBuildFile section */
		9B5C6BD72B6A401F00D3AEE1 /* Secrets_SAMPLE.xcconfig in Resources */ = {isa = PBXBuildFile; fileRef = 9B5C6BD62B6A401F00D3AEE1 /* Secrets_SAMPLE.xcconfig */; };
		9BBB7CC32B653E4800393882 /* SampleProjectApp.swift in Sources */ = {isa = PBXBuildFile; fileRef = 9BBB7CC22B653E4800393882 /* SampleProjectApp.swift */; };
		9BBB7CC52B653E4800393882 /* HelloWorldView.swift in Sources */ = {isa = PBXBuildFile; fileRef = 9BBB7CC42B653E4800393882 /* HelloWorldView.swift */; };
		9BBB7CC72B653E4900393882 /* Assets.xcassets in Resources */ = {isa = PBXBuildFile; fileRef = 9BBB7CC62B653E4900393882 /* Assets.xcassets */; };
		9BBB7CCA2B653E4900393882 /* Preview Assets.xcassets in Resources */ = {isa = PBXBuildFile; fileRef = 9BBB7CC92B653E4900393882 /* Preview Assets.xcassets */; };
		9BCB7DFB2B69969400D73894 /* Constants.swift in Sources */ = {isa = PBXBuildFile; fileRef = 9BCB7DFA2B69969400D73894 /* Constants.swift */; };
		9BCB7DFE2B6999A400D73894 /* TrendingMovieList.swift in Sources */ = {isa = PBXBuildFile; fileRef = 9BCB7DFD2B6999A400D73894 /* TrendingMovieList.swift */; };
		9BD958922B66E0590073C8E7 /* SnapshotTesting in Frameworks */ = {isa = PBXBuildFile; productRef = 9BD958912B66E0590073C8E7 /* SnapshotTesting */; };
		9BD958952B66E0A10073C8E7 /* Tagged in Frameworks */ = {isa = PBXBuildFile; productRef = 9BD958942B66E0A10073C8E7 /* Tagged */; };
		9BD958992B66E0E50073C8E7 /* HelloWorldViewTests.swift in Sources */ = {isa = PBXBuildFile; fileRef = 9BD958982B66E0E50073C8E7 /* HelloWorldViewTests.swift */; };
		9BD9589E2B66E2030073C8E7 /* Localizable.xcstrings in Resources */ = {isa = PBXBuildFile; fileRef = 9BD9589D2B66E2030073C8E7 /* Localizable.xcstrings */; };
		9BD958A22B66E2D00073C8E7 /* SampleRemoteImage.swift in Sources */ = {isa = PBXBuildFile; fileRef = 9BD958A12B66E2D00073C8E7 /* SampleRemoteImage.swift */; };
		9BD958A42B66E59E0073C8E7 /* SampleCustomAsyncImage.swift in Sources */ = {isa = PBXBuildFile; fileRef = 9BD958A32B66E59E0073C8E7 /* SampleCustomAsyncImage.swift */; };
/* End PBXBuildFile section */

/* Begin PBXContainerItemProxy section */
		9BD9588B2B66E0380073C8E7 /* PBXContainerItemProxy */ = {
			isa = PBXContainerItemProxy;
			containerPortal = 9BBB7CB72B653E4700393882 /* Project object */;
			proxyType = 1;
			remoteGlobalIDString = 9BBB7CBE2B653E4700393882;
			remoteInfo = "Sample Project";
		};
/* End PBXContainerItemProxy section */

/* Begin PBXFileReference section */
		9B5C6BD62B6A401F00D3AEE1 /* Secrets_SAMPLE.xcconfig */ = {isa = PBXFileReference; fileEncoding = 4; lastKnownFileType = text.xcconfig; path = Secrets_SAMPLE.xcconfig; sourceTree = "<group>"; };
		9B9EDDDA2B6A3E2200930BCB /* Secrets.xcconfig */ = {isa = PBXFileReference; lastKnownFileType = text.xcconfig; path = Secrets.xcconfig; sourceTree = "<group>"; };
		9B9EDDDB2B6A3EAB00930BCB /* Info.plist */ = {isa = PBXFileReference; lastKnownFileType = text.plist.xml; path = Info.plist; sourceTree = "<group>"; };
		9BBB7CBF2B653E4800393882 /* Sample Project.app */ = {isa = PBXFileReference; explicitFileType = wrapper.application; includeInIndex = 0; path = "Sample Project.app"; sourceTree = BUILT_PRODUCTS_DIR; };
		9BBB7CC22B653E4800393882 /* SampleProjectApp.swift */ = {isa = PBXFileReference; lastKnownFileType = sourcecode.swift; path = SampleProjectApp.swift; sourceTree = "<group>"; };
		9BBB7CC42B653E4800393882 /* HelloWorldView.swift */ = {isa = PBXFileReference; lastKnownFileType = sourcecode.swift; path = HelloWorldView.swift; sourceTree = "<group>"; };
		9BBB7CC62B653E4900393882 /* Assets.xcassets */ = {isa = PBXFileReference; lastKnownFileType = folder.assetcatalog; path = Assets.xcassets; sourceTree = "<group>"; };
		9BBB7CC92B653E4900393882 /* Preview Assets.xcassets */ = {isa = PBXFileReference; lastKnownFileType = folder.assetcatalog; path = "Preview Assets.xcassets"; sourceTree = "<group>"; };
		9BCB7DFA2B69969400D73894 /* Constants.swift */ = {isa = PBXFileReference; lastKnownFileType = sourcecode.swift; path = Constants.swift; sourceTree = "<group>"; };
		9BCB7DFD2B6999A400D73894 /* TrendingMovieList.swift */ = {isa = PBXFileReference; lastKnownFileType = sourcecode.swift; path = TrendingMovieList.swift; sourceTree = "<group>"; };
		9BD958872B66E0380073C8E7 /* Sample ProjectTests.xctest */ = {isa = PBXFileReference; explicitFileType = wrapper.cfbundle; includeInIndex = 0; path = "Sample ProjectTests.xctest"; sourceTree = BUILT_PRODUCTS_DIR; };
		9BD958982B66E0E50073C8E7 /* HelloWorldViewTests.swift */ = {isa = PBXFileReference; lastKnownFileType = sourcecode.swift; path = HelloWorldViewTests.swift; sourceTree = "<group>"; };
		9BD9589D2B66E2030073C8E7 /* Localizable.xcstrings */ = {isa = PBXFileReference; lastKnownFileType = text.json.xcstrings; path = Localizable.xcstrings; sourceTree = "<group>"; };
		9BD958A12B66E2D00073C8E7 /* SampleRemoteImage.swift */ = {isa = PBXFileReference; lastKnownFileType = sourcecode.swift; path = SampleRemoteImage.swift; sourceTree = "<group>"; };
		9BD958A32B66E59E0073C8E7 /* SampleCustomAsyncImage.swift */ = {isa = PBXFileReference; lastKnownFileType = sourcecode.swift; path = SampleCustomAsyncImage.swift; sourceTree = "<group>"; };
/* End PBXFileReference section */

/* Begin PBXFrameworksBuildPhase section */
		9BBB7CBC2B653E4700393882 /* Frameworks */ = {
			isa = PBXFrameworksBuildPhase;
			buildActionMask = 2147483647;
			files = (
				9BD958952B66E0A10073C8E7 /* Tagged in Frameworks */,
			);
			runOnlyForDeploymentPostprocessing = 0;
		};
		9BD958842B66E0380073C8E7 /* Frameworks */ = {
			isa = PBXFrameworksBuildPhase;
			buildActionMask = 2147483647;
			files = (
				9BD958922B66E0590073C8E7 /* SnapshotTesting in Frameworks */,
			);
			runOnlyForDeploymentPostprocessing = 0;
		};
/* End PBXFrameworksBuildPhase section */

/* Begin PBXGroup section */
		9B9EDDD92B6A3E0F00930BCB /* Config */ = {
			isa = PBXGroup;
			children = (
				9B5C6BD62B6A401F00D3AEE1 /* Secrets_SAMPLE.xcconfig */,
				9B9EDDDA2B6A3E2200930BCB /* Secrets.xcconfig */,
			);
			path = Config;
			sourceTree = "<group>";
		};
		9BBB7CB62B653E4700393882 = {
			isa = PBXGroup;
			children = (
				9BBB7CC12B653E4800393882 /* Sample Project */,
				9BD958882B66E0380073C8E7 /* Sample ProjectTests */,
				9BBB7CC02B653E4800393882 /* Products */,
			);
			sourceTree = "<group>";
		};
		9BBB7CC02B653E4800393882 /* Products */ = {
			isa = PBXGroup;
			children = (
				9BBB7CBF2B653E4800393882 /* Sample Project.app */,
				9BD958872B66E0380073C8E7 /* Sample ProjectTests.xctest */,
			);
			name = Products;
			sourceTree = "<group>";
		};
		9BBB7CC12B653E4800393882 /* Sample Project */ = {
			isa = PBXGroup;
			children = (
				9BD9589C2B66E19B0073C8E7 /* App */,
				9B9EDDD92B6A3E0F00930BCB /* Config */,
				9BD958962B66E0B40073C8E7 /* Modules */,
				9BD9589A2B66E18A0073C8E7 /* Networking */,
				9BD9589B2B66E1930073C8E7 /* Resources */,
			);
			path = "Sample Project";
			sourceTree = "<group>";
		};
		9BBB7CC82B653E4900393882 /* Preview Content */ = {
			isa = PBXGroup;
			children = (
				9BBB7CC92B653E4900393882 /* Preview Assets.xcassets */,
			);
			path = "Preview Content";
			sourceTree = "<group>";
		};
		9BCB7DFC2B69999200D73894 /* TrendingMovies */ = {
			isa = PBXGroup;
			children = (
				9BCB7DFD2B6999A400D73894 /* TrendingMovieList.swift */,
			);
			path = TrendingMovies;
			sourceTree = "<group>";
		};
		9BD958882B66E0380073C8E7 /* Sample ProjectTests */ = {
			isa = PBXGroup;
			children = (
				9BD958982B66E0E50073C8E7 /* HelloWorldViewTests.swift */,
			);
			path = "Sample ProjectTests";
			sourceTree = "<group>";
		};
		9BD958962B66E0B40073C8E7 /* Modules */ = {
			isa = PBXGroup;
			children = (
				9BCB7DFC2B69999200D73894 /* TrendingMovies */,
				9BD9589F2B66E2C00073C8E7 /* Example */,
				9BD958972B66E0BA0073C8E7 /* HelloWorld */,
			);
			path = Modules;
			sourceTree = "<group>";
		};
		9BD958972B66E0BA0073C8E7 /* HelloWorld */ = {
			isa = PBXGroup;
			children = (
				9BBB7CC42B653E4800393882 /* HelloWorldView.swift */,
			);
			path = HelloWorld;
			sourceTree = "<group>";
		};
		9BD9589A2B66E18A0073C8E7 /* Networking */ = {
			isa = PBXGroup;
			children = (
				9BCB7DFA2B69969400D73894 /* Constants.swift */,
			);
			path = Networking;
			sourceTree = "<group>";
		};
		9BD9589B2B66E1930073C8E7 /* Resources */ = {
			isa = PBXGroup;
			children = (
				9B9EDDDB2B6A3EAB00930BCB /* Info.plist */,
				9BBB7CC62B653E4900393882 /* Assets.xcassets */,
				9BD9589D2B66E2030073C8E7 /* Localizable.xcstrings */,
				9BBB7CC82B653E4900393882 /* Preview Content */,
			);
			path = Resources;
			sourceTree = "<group>";
		};
		9BD9589C2B66E19B0073C8E7 /* App */ = {
			isa = PBXGroup;
			children = (
				9BBB7CC22B653E4800393882 /* SampleProjectApp.swift */,
			);
			path = App;
			sourceTree = "<group>";
		};
		9BD9589F2B66E2C00073C8E7 /* Example */ = {
			isa = PBXGroup;
			children = (
				9BD958A12B66E2D00073C8E7 /* SampleRemoteImage.swift */,
				9BD958A32B66E59E0073C8E7 /* SampleCustomAsyncImage.swift */,
			);
			path = Example;
			sourceTree = "<group>";
		};
/* End PBXGroup section */

/* Begin PBXNativeTarget section */
		9BBB7CBE2B653E4700393882 /* Sample Project */ = {
			isa = PBXNativeTarget;
			buildConfigurationList = 9BBB7CCD2B653E4900393882 /* Build configuration list for PBXNativeTarget "Sample Project" */;
			buildPhases = (
				9BBB7CBB2B653E4700393882 /* Sources */,
				9BBB7CBC2B653E4700393882 /* Frameworks */,
				9BBB7CBD2B653E4700393882 /* Resources */,
			);
			buildRules = (
			);
			dependencies = (
			);
			name = "Sample Project";
			packageProductDependencies = (
				9BD958942B66E0A10073C8E7 /* Tagged */,
			);
			productName = "Sample Project";
			productReference = 9BBB7CBF2B653E4800393882 /* Sample Project.app */;
			productType = "com.apple.product-type.application";
		};
		9BD958862B66E0380073C8E7 /* Sample ProjectTests */ = {
			isa = PBXNativeTarget;
			buildConfigurationList = 9BD9588F2B66E0380073C8E7 /* Build configuration list for PBXNativeTarget "Sample ProjectTests" */;
			buildPhases = (
				9BD958832B66E0380073C8E7 /* Sources */,
				9BD958842B66E0380073C8E7 /* Frameworks */,
				9BD958852B66E0380073C8E7 /* Resources */,
			);
			buildRules = (
			);
			dependencies = (
				9BD9588C2B66E0380073C8E7 /* PBXTargetDependency */,
			);
			name = "Sample ProjectTests";
			packageProductDependencies = (
				9BD958912B66E0590073C8E7 /* SnapshotTesting */,
			);
			productName = "Sample ProjectTests";
			productReference = 9BD958872B66E0380073C8E7 /* Sample ProjectTests.xctest */;
			productType = "com.apple.product-type.bundle.unit-test";
		};
/* End PBXNativeTarget section */

/* Begin PBXProject section */
		9BBB7CB72B653E4700393882 /* Project object */ = {
			isa = PBXProject;
			attributes = {
				BuildIndependentTargetsInParallel = 1;
				LastSwiftUpdateCheck = 1520;
				LastUpgradeCheck = 1520;
				TargetAttributes = {
					9BBB7CBE2B653E4700393882 = {
						CreatedOnToolsVersion = 15.2;
					};
					9BD958862B66E0380073C8E7 = {
						CreatedOnToolsVersion = 15.2;
						LastSwiftMigration = 1520;
						TestTargetID = 9BBB7CBE2B653E4700393882;
					};
				};
			};
			buildConfigurationList = 9BBB7CBA2B653E4700393882 /* Build configuration list for PBXProject "Sample Project" */;
			compatibilityVersion = "Xcode 14.0";
			developmentRegion = en;
			hasScannedForEncodings = 0;
			knownRegions = (
				en,
				Base,
				es,
				nb,
			);
			mainGroup = 9BBB7CB62B653E4700393882;
			packageReferences = (
				9BD958902B66E0590073C8E7 /* XCRemoteSwiftPackageReference "swift-snapshot-testing" */,
				9BD958932B66E0A10073C8E7 /* XCRemoteSwiftPackageReference "swift-tagged" */,
			);
			productRefGroup = 9BBB7CC02B653E4800393882 /* Products */;
			projectDirPath = "";
			projectRoot = "";
			targets = (
				9BBB7CBE2B653E4700393882 /* Sample Project */,
				9BD958862B66E0380073C8E7 /* Sample ProjectTests */,
			);
		};
/* End PBXProject section */

/* Begin PBXResourcesBuildPhase section */
		9BBB7CBD2B653E4700393882 /* Resources */ = {
			isa = PBXResourcesBuildPhase;
			buildActionMask = 2147483647;
			files = (
				9B5C6BD72B6A401F00D3AEE1 /* Secrets_SAMPLE.xcconfig in Resources */,
				9BBB7CCA2B653E4900393882 /* Preview Assets.xcassets in Resources */,
				9BBB7CC72B653E4900393882 /* Assets.xcassets in Resources */,
				9BD9589E2B66E2030073C8E7 /* Localizable.xcstrings in Resources */,
			);
			runOnlyForDeploymentPostprocessing = 0;
		};
		9BD958852B66E0380073C8E7 /* Resources */ = {
			isa = PBXResourcesBuildPhase;
			buildActionMask = 2147483647;
			files = (
			);
			runOnlyForDeploymentPostprocessing = 0;
		};
/* End PBXResourcesBuildPhase section */

/* Begin PBXSourcesBuildPhase section */
		9BBB7CBB2B653E4700393882 /* Sources */ = {
			isa = PBXSourcesBuildPhase;
			buildActionMask = 2147483647;
			files = (
				9BCB7DFB2B69969400D73894 /* Constants.swift in Sources */,
				9BBB7CC52B653E4800393882 /* HelloWorldView.swift in Sources */,
				9BD958A42B66E59E0073C8E7 /* SampleCustomAsyncImage.swift in Sources */,
				9BCB7DFE2B6999A400D73894 /* TrendingMovieList.swift in Sources */,
				9BD958A22B66E2D00073C8E7 /* SampleRemoteImage.swift in Sources */,
				9BBB7CC32B653E4800393882 /* SampleProjectApp.swift in Sources */,
			);
			runOnlyForDeploymentPostprocessing = 0;
		};
		9BD958832B66E0380073C8E7 /* Sources */ = {
			isa = PBXSourcesBuildPhase;
			buildActionMask = 2147483647;
			files = (
				9BD958992B66E0E50073C8E7 /* HelloWorldViewTests.swift in Sources */,
			);
			runOnlyForDeploymentPostprocessing = 0;
		};
/* End PBXSourcesBuildPhase section */

/* Begin PBXTargetDependency section */
		9BD9588C2B66E0380073C8E7 /* PBXTargetDependency */ = {
			isa = PBXTargetDependency;
			target = 9BBB7CBE2B653E4700393882 /* Sample Project */;
			targetProxy = 9BD9588B2B66E0380073C8E7 /* PBXContainerItemProxy */;
		};
/* End PBXTargetDependency section */

/* Begin XCBuildConfiguration section */
		9BBB7CCB2B653E4900393882 /* Debug */ = {
			isa = XCBuildConfiguration;
			buildSettings = {
				ALWAYS_SEARCH_USER_PATHS = NO;
				ASSETCATALOG_COMPILER_GENERATE_SWIFT_ASSET_SYMBOL_EXTENSIONS = YES;
				CLANG_ANALYZER_NONNULL = YES;
				CLANG_ANALYZER_NUMBER_OBJECT_CONVERSION = YES_AGGRESSIVE;
				CLANG_CXX_LANGUAGE_STANDARD = "gnu++20";
				CLANG_ENABLE_MODULES = YES;
				CLANG_ENABLE_OBJC_ARC = YES;
				CLANG_ENABLE_OBJC_WEAK = YES;
				CLANG_WARN_BLOCK_CAPTURE_AUTORELEASING = YES;
				CLANG_WARN_BOOL_CONVERSION = YES;
				CLANG_WARN_COMMA = YES;
				CLANG_WARN_CONSTANT_CONVERSION = YES;
				CLANG_WARN_DEPRECATED_OBJC_IMPLEMENTATIONS = YES;
				CLANG_WARN_DIRECT_OBJC_ISA_USAGE = YES_ERROR;
				CLANG_WARN_DOCUMENTATION_COMMENTS = YES;
				CLANG_WARN_EMPTY_BODY = YES;
				CLANG_WARN_ENUM_CONVERSION = YES;
				CLANG_WARN_INFINITE_RECURSION = YES;
				CLANG_WARN_INT_CONVERSION = YES;
				CLANG_WARN_NON_LITERAL_NULL_CONVERSION = YES;
				CLANG_WARN_OBJC_IMPLICIT_RETAIN_SELF = YES;
				CLANG_WARN_OBJC_LITERAL_CONVERSION = YES;
				CLANG_WARN_OBJC_ROOT_CLASS = YES_ERROR;
				CLANG_WARN_QUOTED_INCLUDE_IN_FRAMEWORK_HEADER = YES;
				CLANG_WARN_RANGE_LOOP_ANALYSIS = YES;
				CLANG_WARN_STRICT_PROTOTYPES = YES;
				CLANG_WARN_SUSPICIOUS_MOVE = YES;
				CLANG_WARN_UNGUARDED_AVAILABILITY = YES_AGGRESSIVE;
				CLANG_WARN_UNREACHABLE_CODE = YES;
				CLANG_WARN__DUPLICATE_METHOD_MATCH = YES;
				COPY_PHASE_STRIP = NO;
				DEBUG_INFORMATION_FORMAT = dwarf;
				ENABLE_STRICT_OBJC_MSGSEND = YES;
				ENABLE_TESTABILITY = YES;
				ENABLE_USER_SCRIPT_SANDBOXING = YES;
				GCC_C_LANGUAGE_STANDARD = gnu17;
				GCC_DYNAMIC_NO_PIC = NO;
				GCC_NO_COMMON_BLOCKS = YES;
				GCC_OPTIMIZATION_LEVEL = 0;
				GCC_PREPROCESSOR_DEFINITIONS = (
					"DEBUG=1",
					"$(inherited)",
				);
				GCC_WARN_64_TO_32_BIT_CONVERSION = YES;
				GCC_WARN_ABOUT_RETURN_TYPE = YES_ERROR;
				GCC_WARN_UNDECLARED_SELECTOR = YES;
				GCC_WARN_UNINITIALIZED_AUTOS = YES_AGGRESSIVE;
				GCC_WARN_UNUSED_FUNCTION = YES;
				GCC_WARN_UNUSED_VARIABLE = YES;
				IPHONEOS_DEPLOYMENT_TARGET = 17.2;
				LOCALIZATION_PREFERS_STRING_CATALOGS = YES;
				MTL_ENABLE_DEBUG_INFO = INCLUDE_SOURCE;
				MTL_FAST_MATH = YES;
				ONLY_ACTIVE_ARCH = YES;
				SDKROOT = iphoneos;
				SWIFT_ACTIVE_COMPILATION_CONDITIONS = "DEBUG $(inherited)";
				SWIFT_OPTIMIZATION_LEVEL = "-Onone";
			};
			name = Debug;
		};
		9BBB7CCC2B653E4900393882 /* Release */ = {
			isa = XCBuildConfiguration;
			buildSettings = {
				ALWAYS_SEARCH_USER_PATHS = NO;
				ASSETCATALOG_COMPILER_GENERATE_SWIFT_ASSET_SYMBOL_EXTENSIONS = YES;
				CLANG_ANALYZER_NONNULL = YES;
				CLANG_ANALYZER_NUMBER_OBJECT_CONVERSION = YES_AGGRESSIVE;
				CLANG_CXX_LANGUAGE_STANDARD = "gnu++20";
				CLANG_ENABLE_MODULES = YES;
				CLANG_ENABLE_OBJC_ARC = YES;
				CLANG_ENABLE_OBJC_WEAK = YES;
				CLANG_WARN_BLOCK_CAPTURE_AUTORELEASING = YES;
				CLANG_WARN_BOOL_CONVERSION = YES;
				CLANG_WARN_COMMA = YES;
				CLANG_WARN_CONSTANT_CONVERSION = YES;
				CLANG_WARN_DEPRECATED_OBJC_IMPLEMENTATIONS = YES;
				CLANG_WARN_DIRECT_OBJC_ISA_USAGE = YES_ERROR;
				CLANG_WARN_DOCUMENTATION_COMMENTS = YES;
				CLANG_WARN_EMPTY_BODY = YES;
				CLANG_WARN_ENUM_CONVERSION = YES;
				CLANG_WARN_INFINITE_RECURSION = YES;
				CLANG_WARN_INT_CONVERSION = YES;
				CLANG_WARN_NON_LITERAL_NULL_CONVERSION = YES;
				CLANG_WARN_OBJC_IMPLICIT_RETAIN_SELF = YES;
				CLANG_WARN_OBJC_LITERAL_CONVERSION = YES;
				CLANG_WARN_OBJC_ROOT_CLASS = YES_ERROR;
				CLANG_WARN_QUOTED_INCLUDE_IN_FRAMEWORK_HEADER = YES;
				CLANG_WARN_RANGE_LOOP_ANALYSIS = YES;
				CLANG_WARN_STRICT_PROTOTYPES = YES;
				CLANG_WARN_SUSPICIOUS_MOVE = YES;
				CLANG_WARN_UNGUARDED_AVAILABILITY = YES_AGGRESSIVE;
				CLANG_WARN_UNREACHABLE_CODE = YES;
				CLANG_WARN__DUPLICATE_METHOD_MATCH = YES;
				COPY_PHASE_STRIP = NO;
				DEBUG_INFORMATION_FORMAT = "dwarf-with-dsym";
				ENABLE_NS_ASSERTIONS = NO;
				ENABLE_STRICT_OBJC_MSGSEND = YES;
				ENABLE_USER_SCRIPT_SANDBOXING = YES;
				GCC_C_LANGUAGE_STANDARD = gnu17;
				GCC_NO_COMMON_BLOCKS = YES;
				GCC_WARN_64_TO_32_BIT_CONVERSION = YES;
				GCC_WARN_ABOUT_RETURN_TYPE = YES_ERROR;
				GCC_WARN_UNDECLARED_SELECTOR = YES;
				GCC_WARN_UNINITIALIZED_AUTOS = YES_AGGRESSIVE;
				GCC_WARN_UNUSED_FUNCTION = YES;
				GCC_WARN_UNUSED_VARIABLE = YES;
				IPHONEOS_DEPLOYMENT_TARGET = 17.2;
				LOCALIZATION_PREFERS_STRING_CATALOGS = YES;
				MTL_ENABLE_DEBUG_INFO = NO;
				MTL_FAST_MATH = YES;
				SDKROOT = iphoneos;
				SWIFT_COMPILATION_MODE = wholemodule;
				VALIDATE_PRODUCT = YES;
			};
			name = Release;
		};
		9BBB7CCE2B653E4900393882 /* Debug */ = {
			isa = XCBuildConfiguration;
			baseConfigurationReference = 9B9EDDDA2B6A3E2200930BCB /* Secrets.xcconfig */;
			buildSettings = {
				ASSETCATALOG_COMPILER_APPICON_NAME = AppIcon;
				ASSETCATALOG_COMPILER_GLOBAL_ACCENT_COLOR_NAME = AccentColor;
				CODE_SIGN_STYLE = Automatic;
				CURRENT_PROJECT_VERSION = 1;
				DEVELOPMENT_ASSET_PATHS = "\"Sample Project/Resources/Preview Content\"";
				DEVELOPMENT_TEAM = 2Z7R9FQBNN;
				ENABLE_PREVIEWS = YES;
				GENERATE_INFOPLIST_FILE = YES;
				INFOPLIST_FILE = "Sample Project/Resources/Info.plist";
				INFOPLIST_KEY_UIApplicationSceneManifest_Generation = YES;
				INFOPLIST_KEY_UIApplicationSupportsIndirectInputEvents = YES;
				INFOPLIST_KEY_UILaunchScreen_Generation = YES;
				INFOPLIST_KEY_UISupportedInterfaceOrientations_iPad = "UIInterfaceOrientationPortrait UIInterfaceOrientationPortraitUpsideDown UIInterfaceOrientationLandscapeLeft UIInterfaceOrientationLandscapeRight";
				INFOPLIST_KEY_UISupportedInterfaceOrientations_iPhone = "UIInterfaceOrientationPortrait UIInterfaceOrientationLandscapeLeft UIInterfaceOrientationLandscapeRight";
				LD_RUNPATH_SEARCH_PATHS = (
					"$(inherited)",
					"@executable_path/Frameworks",
				);
				MARKETING_VERSION = 1.0;
				PRODUCT_BUNDLE_IDENTIFIER = "com.fespinozacast.youtube.sample.Sample-Project";
				PRODUCT_NAME = "$(TARGET_NAME)";
				SWIFT_EMIT_LOC_STRINGS = YES;
				SWIFT_VERSION = 5.0;
				TARGETED_DEVICE_FAMILY = "1,2";
			};
			name = Debug;
		};
		9BBB7CCF2B653E4900393882 /* Release */ = {
			isa = XCBuildConfiguration;
			baseConfigurationReference = 9B9EDDDA2B6A3E2200930BCB /* Secrets.xcconfig */;
			buildSettings = {
				ASSETCATALOG_COMPILER_APPICON_NAME = AppIcon;
				ASSETCATALOG_COMPILER_GLOBAL_ACCENT_COLOR_NAME = AccentColor;
				CODE_SIGN_STYLE = Automatic;
				CURRENT_PROJECT_VERSION = 1;
				DEVELOPMENT_ASSET_PATHS = "\"Sample Project/Resources/Preview Content\"";
				DEVELOPMENT_TEAM = 2Z7R9FQBNN;
				ENABLE_PREVIEWS = YES;
				GENERATE_INFOPLIST_FILE = YES;
				INFOPLIST_FILE = "Sample Project/Resources/Info.plist";
				INFOPLIST_KEY_UIApplicationSceneManifest_Generation = YES;
				INFOPLIST_KEY_UIApplicationSupportsIndirectInputEvents = YES;
				INFOPLIST_KEY_UILaunchScreen_Generation = YES;
				INFOPLIST_KEY_UISupportedInterfaceOrientations_iPad = "UIInterfaceOrientationPortrait UIInterfaceOrientationPortraitUpsideDown UIInterfaceOrientationLandscapeLeft UIInterfaceOrientationLandscapeRight";
				INFOPLIST_KEY_UISupportedInterfaceOrientations_iPhone = "UIInterfaceOrientationPortrait UIInterfaceOrientationLandscapeLeft UIInterfaceOrientationLandscapeRight";
				LD_RUNPATH_SEARCH_PATHS = (
					"$(inherited)",
					"@executable_path/Frameworks",
				);
				MARKETING_VERSION = 1.0;
				PRODUCT_BUNDLE_IDENTIFIER = "com.fespinozacast.youtube.sample.Sample-Project";
				PRODUCT_NAME = "$(TARGET_NAME)";
				SWIFT_EMIT_LOC_STRINGS = YES;
				SWIFT_VERSION = 5.0;
				TARGETED_DEVICE_FAMILY = "1,2";
			};
			name = Release;
		};
		9BD9588D2B66E0380073C8E7 /* Debug */ = {
			isa = XCBuildConfiguration;
			buildSettings = {
				BUNDLE_LOADER = "$(TEST_HOST)";
				CLANG_ENABLE_MODULES = YES;
				CODE_SIGN_STYLE = Automatic;
				CURRENT_PROJECT_VERSION = 1;
				DEVELOPMENT_TEAM = 2Z7R9FQBNN;
				GENERATE_INFOPLIST_FILE = YES;
				MARKETING_VERSION = 1.0;
				PRODUCT_BUNDLE_IDENTIFIER = "com.fespinozacast.youtube.sample.Sample-ProjectTests";
				PRODUCT_NAME = "$(TARGET_NAME)";
				SWIFT_EMIT_LOC_STRINGS = NO;
				SWIFT_OPTIMIZATION_LEVEL = "-Onone";
				SWIFT_VERSION = 5.0;
				TARGETED_DEVICE_FAMILY = "1,2";
				TEST_HOST = "$(BUILT_PRODUCTS_DIR)/Sample Project.app/$(BUNDLE_EXECUTABLE_FOLDER_PATH)/Sample Project";
			};
			name = Debug;
		};
		9BD9588E2B66E0380073C8E7 /* Release */ = {
			isa = XCBuildConfiguration;
			buildSettings = {
				BUNDLE_LOADER = "$(TEST_HOST)";
				CLANG_ENABLE_MODULES = YES;
				CODE_SIGN_STYLE = Automatic;
				CURRENT_PROJECT_VERSION = 1;
				DEVELOPMENT_TEAM = 2Z7R9FQBNN;
				GENERATE_INFOPLIST_FILE = YES;
				MARKETING_VERSION = 1.0;
				PRODUCT_BUNDLE_IDENTIFIER = "com.fespinozacast.youtube.sample.Sample-ProjectTests";
				PRODUCT_NAME = "$(TARGET_NAME)";
				SWIFT_EMIT_LOC_STRINGS = NO;
				SWIFT_VERSION = 5.0;
				TARGETED_DEVICE_FAMILY = "1,2";
				TEST_HOST = "$(BUILT_PRODUCTS_DIR)/Sample Project.app/$(BUNDLE_EXECUTABLE_FOLDER_PATH)/Sample Project";
			};
			name = Release;
		};
/* End XCBuildConfiguration section */

/* Begin XCConfigurationList section */
		9BBB7CBA2B653E4700393882 /* Build configuration list for PBXProject "Sample Project" */ = {
			isa = XCConfigurationList;
			buildConfigurations = (
				9BBB7CCB2B653E4900393882 /* Debug */,
				9BBB7CCC2B653E4900393882 /* Release */,
			);
			defaultConfigurationIsVisible = 0;
			defaultConfigurationName = Release;
		};
		9BBB7CCD2B653E4900393882 /* Build configuration list for PBXNativeTarget "Sample Project" */ = {
			isa = XCConfigurationList;
			buildConfigurations = (
				9BBB7CCE2B653E4900393882 /* Debug */,
				9BBB7CCF2B653E4900393882 /* Release */,
			);
			defaultConfigurationIsVisible = 0;
			defaultConfigurationName = Release;
		};
		9BD9588F2B66E0380073C8E7 /* Build configuration list for PBXNativeTarget "Sample ProjectTests" */ = {
			isa = XCConfigurationList;
			buildConfigurations = (
				9BD9588D2B66E0380073C8E7 /* Debug */,
				9BD9588E2B66E0380073C8E7 /* Release */,
			);
			defaultConfigurationIsVisible = 0;
			defaultConfigurationName = Release;
		};
/* End XCConfigurationList section */

/* Begin XCRemoteSwiftPackageReference section */
		9BD958902B66E0590073C8E7 /* XCRemoteSwiftPackageReference "swift-snapshot-testing" */ = {
			isa = XCRemoteSwiftPackageReference;
			repositoryURL = "https://github.com/pointfreeco/swift-snapshot-testing";
			requirement = {
				kind = upToNextMajorVersion;
				minimumVersion = 1.15.2;
			};
		};
		9BD958932B66E0A10073C8E7 /* XCRemoteSwiftPackageReference "swift-tagged" */ = {
			isa = XCRemoteSwiftPackageReference;
			repositoryURL = "https://github.com/pointfreeco/swift-tagged";
			requirement = {
				kind = upToNextMajorVersion;
				minimumVersion = 0.10.0;
			};
		};
/* End XCRemoteSwiftPackageReference section */

/* Begin XCSwiftPackageProductDependency section */
		9BD958912B66E0590073C8E7 /* SnapshotTesting */ = {
			isa = XCSwiftPackageProductDependency;
			package = 9BD958902B66E0590073C8E7 /* XCRemoteSwiftPackageReference "swift-snapshot-testing" */;
			productName = SnapshotTesting;
		};
		9BD958942B66E0A10073C8E7 /* Tagged */ = {
			isa = XCSwiftPackageProductDependency;
			package = 9BD958932B66E0A10073C8E7 /* XCRemoteSwiftPackageReference "swift-tagged" */;
			productName = Tagged;
		};
/* End XCSwiftPackageProductDependency section */
	};
	rootObject = 9BBB7CB72B653E4700393882 /* Project object */;
}
