// !$*UTF8*$!
{
	archiveVersion = 1;
	classes = {
	};
	objectVersion = 56;
	objects = {

/* Begin PBXBuildFile section */
		9B3FF31D2BA1053E00C87F80 /* MovieDetailsViewTests.swift in Sources */ = {isa = PBXBuildFile; fileRef = 9B3FF30A2BA1053E00C87F80 /* MovieDetailsViewTests.swift */; };
		9B3FF3232BA1053E00C87F80 /* TrendingMovieViewTests.swift in Sources */ = {isa = PBXBuildFile; fileRef = 9B3FF3132BA1053E00C87F80 /* TrendingMovieViewTests.swift */; };
		9B3FF3242BA1053E00C87F80 /* HelloWorldViewTests.swift in Sources */ = {isa = PBXBuildFile; fileRef = 9B3FF3152BA1053E00C87F80 /* HelloWorldViewTests.swift */; };
		9B3FF3512BA1054A00C87F80 /* SampleProjectApp.swift in Sources */ = {isa = PBXBuildFile; fileRef = 9B3FF3252BA1054A00C87F80 /* SampleProjectApp.swift */; };
		9B3FF3522BA1054A00C87F80 /* BasicLoadingState.swift in Sources */ = {isa = PBXBuildFile; fileRef = 9B3FF3272BA1054A00C87F80 /* BasicLoadingState.swift */; };
		9B3FF3532BA1054B00C87F80 /* CustomAsyncImage.swift in Sources */ = {isa = PBXBuildFile; fileRef = 9B3FF3292BA1054A00C87F80 /* CustomAsyncImage.swift */; };
		9B3FF3542BA1054B00C87F80 /* YoutubeVideoView.swift in Sources */ = {isa = PBXBuildFile; fileRef = 9B3FF32B2BA1054A00C87F80 /* YoutubeVideoView.swift */; };
		9B3FF3572BA1054B00C87F80 /* Movie.swift in Sources */ = {isa = PBXBuildFile; fileRef = 9B3FF3312BA1054A00C87F80 /* Movie.swift */; };
		9B3FF3582BA1054B00C87F80 /* SimklMovieID.swift in Sources */ = {isa = PBXBuildFile; fileRef = 9B3FF3322BA1054A00C87F80 /* SimklMovieID.swift */; };
		9B3FF3592BA1054B00C87F80 /* TrendingMovie.swift in Sources */ = {isa = PBXBuildFile; fileRef = 9B3FF3332BA1054A00C87F80 /* TrendingMovie.swift */; };
		9B3FF35A2BA1054B00C87F80 /* SampleCustomAsyncImage.swift in Sources */ = {isa = PBXBuildFile; fileRef = 9B3FF3352BA1054A00C87F80 /* SampleCustomAsyncImage.swift */; };
		9B3FF35B2BA1054B00C87F80 /* SampleRemoteImage.swift in Sources */ = {isa = PBXBuildFile; fileRef = 9B3FF3362BA1054A00C87F80 /* SampleRemoteImage.swift */; };
		9B3FF35C2BA1054B00C87F80 /* HelloWorldView.swift in Sources */ = {isa = PBXBuildFile; fileRef = 9B3FF3382BA1054A00C87F80 /* HelloWorldView.swift */; };
		9B3FF35D2BA1054B00C87F80 /* MovieDetailPosterView.swift in Sources */ = {isa = PBXBuildFile; fileRef = 9B3FF33A2BA1054A00C87F80 /* MovieDetailPosterView.swift */; };
		9B3FF35E2BA1054B00C87F80 /* MovieDetailsContainerView.swift in Sources */ = {isa = PBXBuildFile; fileRef = 9B3FF33B2BA1054A00C87F80 /* MovieDetailsContainerView.swift */; };
		9B3FF35F2BA1054B00C87F80 /* MovieDetailsView.swift in Sources */ = {isa = PBXBuildFile; fileRef = 9B3FF33C2BA1054A00C87F80 /* MovieDetailsView.swift */; };
		9B3FF3602BA1054B00C87F80 /* TrendingMovieList-Content.swift in Sources */ = {isa = PBXBuildFile; fileRef = 9B3FF33E2BA1054A00C87F80 /* TrendingMovieList-Content.swift */; };
		9B3FF3612BA1054B00C87F80 /* TrendingMovieList.swift in Sources */ = {isa = PBXBuildFile; fileRef = 9B3FF33F2BA1054A00C87F80 /* TrendingMovieList.swift */; };
		9B3FF3622BA1054B00C87F80 /* GetMovieDetailsRequest.swift in Sources */ = {isa = PBXBuildFile; fileRef = 9B3FF3422BA1054A00C87F80 /* GetMovieDetailsRequest.swift */; };
		9B3FF3632BA1054B00C87F80 /* GetTrendingMoviesWeekRequest.swift in Sources */ = {isa = PBXBuildFile; fileRef = 9B3FF3432BA1054A00C87F80 /* GetTrendingMoviesWeekRequest.swift */; };
		9B3FF3642BA1054B00C87F80 /* ApiConstants.swift in Sources */ = {isa = PBXBuildFile; fileRef = 9B3FF3452BA1054A00C87F80 /* ApiConstants.swift */; };
		9B3FF3652BA1054B00C87F80 /* SimklClient.swift in Sources */ = {isa = PBXBuildFile; fileRef = 9B3FF3462BA1054A00C87F80 /* SimklClient.swift */; };
		9B3FF3662BA1054B00C87F80 /* Preview Assets.xcassets in Resources */ = {isa = PBXBuildFile; fileRef = 9B3FF3482BA1054A00C87F80 /* Preview Assets.xcassets */; };
		9B3FF3672BA1054B00C87F80 /* Assets.xcassets in Resources */ = {isa = PBXBuildFile; fileRef = 9B3FF34A2BA1054A00C87F80 /* Assets.xcassets */; };
		9B3FF3692BA1054B00C87F80 /* Localizable.xcstrings in Resources */ = {isa = PBXBuildFile; fileRef = 9B3FF34C2BA1054A00C87F80 /* Localizable.xcstrings */; };
		9B3FF36A2BA1054B00C87F80 /* ImageCdnURL.swift in Sources */ = {isa = PBXBuildFile; fileRef = 9B3FF34E2BA1054A00C87F80 /* ImageCdnURL.swift */; };
		9B7667F02BA1B0F300F415F0 /* XCTestCase-Extensions.swift in Sources */ = {isa = PBXBuildFile; fileRef = 9B7667EF2BA1B0F300F415F0 /* XCTestCase-Extensions.swift */; };
		9B7667F22BA1B1B500F415F0 /* TestNamespace.swift in Sources */ = {isa = PBXBuildFile; fileRef = 9B7667F12BA1B1B500F415F0 /* TestNamespace.swift */; };
		9B7667F72BA2369C00F415F0 /* SnapshotDeviceType.swift in Sources */ = {isa = PBXBuildFile; fileRef = 9B7667F62BA2369C00F415F0 /* SnapshotDeviceType.swift */; };
		9B7667FB2BA2377900F415F0 /* UITraitCollection-Extensions.swift in Sources */ = {isa = PBXBuildFile; fileRef = 9B7667FA2BA2377900F415F0 /* UITraitCollection-Extensions.swift */; };
		9B7667FD2BA237C000F415F0 /* SnapshotTestContext.swift in Sources */ = {isa = PBXBuildFile; fileRef = 9B7667FC2BA237C000F415F0 /* SnapshotTestContext.swift */; };
		9B7667FF2BA237ED00F415F0 /* ViewImageConfig-Extensions.swift in Sources */ = {isa = PBXBuildFile; fileRef = 9B7667FE2BA237ED00F415F0 /* ViewImageConfig-Extensions.swift */; };
		9B76681D2BA239D900F415F0 /* __Snapshots__ in Resources */ = {isa = PBXBuildFile; fileRef = 9B76681C2BA239D900F415F0 /* __Snapshots__ */; };
		9BD958922B66E0590073C8E7 /* SnapshotTesting in Frameworks */ = {isa = PBXBuildFile; productRef = 9BD958912B66E0590073C8E7 /* SnapshotTesting */; };
		9BD958952B66E0A10073C8E7 /* Tagged in Frameworks */ = {isa = PBXBuildFile; productRef = 9BD958942B66E0A10073C8E7 /* Tagged */; };
/* End PBXBuildFile section */

/* Begin PBXContainerItemProxy section */
		9BD9588B2B66E0380073C8E7 /* PBXContainerItemProxy */ = {
			isa = PBXContainerItemProxy;
			containerPortal = 9BBB7CB72B653E4700393882 /* Project object */;
			proxyType = 1;
			remoteGlobalIDString = 9BBB7CBE2B653E4700393882;
			remoteInfo = "Sample Project";
		};
/* End PBXContainerItemProxy section */

/* Begin PBXFileReference section */
		9B3FF30A2BA1053E00C87F80 /* MovieDetailsViewTests.swift */ = {isa = PBXFileReference; fileEncoding = 4; lastKnownFileType = sourcecode.swift; path = MovieDetailsViewTests.swift; sourceTree = "<group>"; };
		9B3FF3132BA1053E00C87F80 /* TrendingMovieViewTests.swift */ = {isa = PBXFileReference; fileEncoding = 4; lastKnownFileType = sourcecode.swift; path = TrendingMovieViewTests.swift; sourceTree = "<group>"; };
		9B3FF3152BA1053E00C87F80 /* HelloWorldViewTests.swift */ = {isa = PBXFileReference; fileEncoding = 4; lastKnownFileType = sourcecode.swift; path = HelloWorldViewTests.swift; sourceTree = "<group>"; };
		9B3FF3252BA1054A00C87F80 /* SampleProjectApp.swift */ = {isa = PBXFileReference; fileEncoding = 4; lastKnownFileType = sourcecode.swift; path = SampleProjectApp.swift; sourceTree = "<group>"; };
		9B3FF3272BA1054A00C87F80 /* BasicLoadingState.swift */ = {isa = PBXFileReference; fileEncoding = 4; lastKnownFileType = sourcecode.swift; path = BasicLoadingState.swift; sourceTree = "<group>"; };
		9B3FF3292BA1054A00C87F80 /* CustomAsyncImage.swift */ = {isa = PBXFileReference; fileEncoding = 4; lastKnownFileType = sourcecode.swift; path = CustomAsyncImage.swift; sourceTree = "<group>"; };
		9B3FF32B2BA1054A00C87F80 /* YoutubeVideoView.swift */ = {isa = PBXFileReference; fileEncoding = 4; lastKnownFileType = sourcecode.swift; path = YoutubeVideoView.swift; sourceTree = "<group>"; };
		9B3FF32E2BA1054A00C87F80 /* Secrets_SAMPLE.xcconfig */ = {isa = PBXFileReference; fileEncoding = 4; lastKnownFileType = text.xcconfig; path = Secrets_SAMPLE.xcconfig; sourceTree = "<group>"; };
		9B3FF32F2BA1054A00C87F80 /* Secrets.xcconfig */ = {isa = PBXFileReference; fileEncoding = 4; lastKnownFileType = text.xcconfig; path = Secrets.xcconfig; sourceTree = "<group>"; };
		9B3FF3312BA1054A00C87F80 /* Movie.swift */ = {isa = PBXFileReference; fileEncoding = 4; lastKnownFileType = sourcecode.swift; path = Movie.swift; sourceTree = "<group>"; };
		9B3FF3322BA1054A00C87F80 /* SimklMovieID.swift */ = {isa = PBXFileReference; fileEncoding = 4; lastKnownFileType = sourcecode.swift; path = SimklMovieID.swift; sourceTree = "<group>"; };
		9B3FF3332BA1054A00C87F80 /* TrendingMovie.swift */ = {isa = PBXFileReference; fileEncoding = 4; lastKnownFileType = sourcecode.swift; path = TrendingMovie.swift; sourceTree = "<group>"; };
		9B3FF3352BA1054A00C87F80 /* SampleCustomAsyncImage.swift */ = {isa = PBXFileReference; fileEncoding = 4; lastKnownFileType = sourcecode.swift; path = SampleCustomAsyncImage.swift; sourceTree = "<group>"; };
		9B3FF3362BA1054A00C87F80 /* SampleRemoteImage.swift */ = {isa = PBXFileReference; fileEncoding = 4; lastKnownFileType = sourcecode.swift; path = SampleRemoteImage.swift; sourceTree = "<group>"; };
		9B3FF3382BA1054A00C87F80 /* HelloWorldView.swift */ = {isa = PBXFileReference; fileEncoding = 4; lastKnownFileType = sourcecode.swift; path = HelloWorldView.swift; sourceTree = "<group>"; };
		9B3FF33A2BA1054A00C87F80 /* MovieDetailPosterView.swift */ = {isa = PBXFileReference; fileEncoding = 4; lastKnownFileType = sourcecode.swift; path = MovieDetailPosterView.swift; sourceTree = "<group>"; };
		9B3FF33B2BA1054A00C87F80 /* MovieDetailsContainerView.swift */ = {isa = PBXFileReference; fileEncoding = 4; lastKnownFileType = sourcecode.swift; path = MovieDetailsContainerView.swift; sourceTree = "<group>"; };
		9B3FF33C2BA1054A00C87F80 /* MovieDetailsView.swift */ = {isa = PBXFileReference; fileEncoding = 4; lastKnownFileType = sourcecode.swift; path = MovieDetailsView.swift; sourceTree = "<group>"; };
		9B3FF33E2BA1054A00C87F80 /* TrendingMovieList-Content.swift */ = {isa = PBXFileReference; fileEncoding = 4; lastKnownFileType = sourcecode.swift; path = "TrendingMovieList-Content.swift"; sourceTree = "<group>"; };
		9B3FF33F2BA1054A00C87F80 /* TrendingMovieList.swift */ = {isa = PBXFileReference; fileEncoding = 4; lastKnownFileType = sourcecode.swift; path = TrendingMovieList.swift; sourceTree = "<group>"; };
		9B3FF3422BA1054A00C87F80 /* GetMovieDetailsRequest.swift */ = {isa = PBXFileReference; fileEncoding = 4; lastKnownFileType = sourcecode.swift; path = GetMovieDetailsRequest.swift; sourceTree = "<group>"; };
		9B3FF3432BA1054A00C87F80 /* GetTrendingMoviesWeekRequest.swift */ = {isa = PBXFileReference; fileEncoding = 4; lastKnownFileType = sourcecode.swift; path = GetTrendingMoviesWeekRequest.swift; sourceTree = "<group>"; };
		9B3FF3452BA1054A00C87F80 /* ApiConstants.swift */ = {isa = PBXFileReference; fileEncoding = 4; lastKnownFileType = sourcecode.swift; path = ApiConstants.swift; sourceTree = "<group>"; };
		9B3FF3462BA1054A00C87F80 /* SimklClient.swift */ = {isa = PBXFileReference; fileEncoding = 4; lastKnownFileType = sourcecode.swift; path = SimklClient.swift; sourceTree = "<group>"; };
		9B3FF3482BA1054A00C87F80 /* Preview Assets.xcassets */ = {isa = PBXFileReference; lastKnownFileType = folder.assetcatalog; path = "Preview Assets.xcassets"; sourceTree = "<group>"; };
		9B3FF34A2BA1054A00C87F80 /* Assets.xcassets */ = {isa = PBXFileReference; lastKnownFileType = folder.assetcatalog; path = Assets.xcassets; sourceTree = "<group>"; };
		9B3FF34B2BA1054A00C87F80 /* Info.plist */ = {isa = PBXFileReference; fileEncoding = 4; lastKnownFileType = text.plist.xml; path = Info.plist; sourceTree = "<group>"; };
		9B3FF34C2BA1054A00C87F80 /* Localizable.xcstrings */ = {isa = PBXFileReference; fileEncoding = 4; lastKnownFileType = text.json.xcstrings; path = Localizable.xcstrings; sourceTree = "<group>"; };
		9B3FF34E2BA1054A00C87F80 /* ImageCdnURL.swift */ = {isa = PBXFileReference; fileEncoding = 4; lastKnownFileType = sourcecode.swift; path = ImageCdnURL.swift; sourceTree = "<group>"; };
		9B5C6BD82B6C1F0600D3AEE1 /* README.md */ = {isa = PBXFileReference; lastKnownFileType = net.daringfireball.markdown; path = README.md; sourceTree = "<group>"; };
		9B7667EF2BA1B0F300F415F0 /* XCTestCase-Extensions.swift */ = {isa = PBXFileReference; lastKnownFileType = sourcecode.swift; path = "XCTestCase-Extensions.swift"; sourceTree = "<group>"; };
		9B7667F12BA1B1B500F415F0 /* TestNamespace.swift */ = {isa = PBXFileReference; lastKnownFileType = sourcecode.swift; path = TestNamespace.swift; sourceTree = "<group>"; };
		9B7667F62BA2369C00F415F0 /* SnapshotDeviceType.swift */ = {isa = PBXFileReference; lastKnownFileType = sourcecode.swift; path = SnapshotDeviceType.swift; sourceTree = "<group>"; };
		9B7667FA2BA2377900F415F0 /* UITraitCollection-Extensions.swift */ = {isa = PBXFileReference; lastKnownFileType = sourcecode.swift; path = "UITraitCollection-Extensions.swift"; sourceTree = "<group>"; };
		9B7667FC2BA237C000F415F0 /* SnapshotTestContext.swift */ = {isa = PBXFileReference; lastKnownFileType = sourcecode.swift; path = SnapshotTestContext.swift; sourceTree = "<group>"; };
		9B7667FE2BA237ED00F415F0 /* ViewImageConfig-Extensions.swift */ = {isa = PBXFileReference; lastKnownFileType = sourcecode.swift; path = "ViewImageConfig-Extensions.swift"; sourceTree = "<group>"; };
		9B76681C2BA239D900F415F0 /* __Snapshots__ */ = {isa = PBXFileReference; lastKnownFileType = folder; path = __Snapshots__; sourceTree = "<group>"; };
		9BBB7CBF2B653E4800393882 /* SampleProject.app */ = {isa = PBXFileReference; explicitFileType = wrapper.application; includeInIndex = 0; path = SampleProject.app; sourceTree = BUILT_PRODUCTS_DIR; };
		9BD958872B66E0380073C8E7 /* SampleProjectTests.xctest */ = {isa = PBXFileReference; explicitFileType = wrapper.cfbundle; includeInIndex = 0; path = SampleProjectTests.xctest; sourceTree = BUILT_PRODUCTS_DIR; };
		9BEF4A8C2BA10C240001B853 /* ci_post_clone.sh */ = {isa = PBXFileReference; lastKnownFileType = text.script.sh; path = ci_post_clone.sh; sourceTree = "<group>"; };
		9BFEA0072BC9584F0039E2DB /* Tests.xctestplan */ = {isa = PBXFileReference; lastKnownFileType = text; path = Tests.xctestplan; sourceTree = "<group>"; };
/* End PBXFileReference section */

/* Begin PBXFrameworksBuildPhase section */
		9BBB7CBC2B653E4700393882 /* Frameworks */ = {
			isa = PBXFrameworksBuildPhase;
			buildActionMask = 2147483647;
			files = (
				9BD958952B66E0A10073C8E7 /* Tagged in Frameworks */,
			);
			runOnlyForDeploymentPostprocessing = 0;
		};
		9BD958842B66E0380073C8E7 /* Frameworks */ = {
			isa = PBXFrameworksBuildPhase;
			buildActionMask = 2147483647;
			files = (
				9BD958922B66E0590073C8E7 /* SnapshotTesting in Frameworks */,
			);
			runOnlyForDeploymentPostprocessing = 0;
		};
/* End PBXFrameworksBuildPhase section */

/* Begin PBXGroup section */
		9B3FF30B2BA1053E00C87F80 /* MovieDetails */ = {
			isa = PBXGroup;
			children = (
				9B3FF30A2BA1053E00C87F80 /* MovieDetailsViewTests.swift */,
			);
			path = MovieDetails;
			sourceTree = "<group>";
		};
		9B3FF3142BA1053E00C87F80 /* TrendingMovies */ = {
			isa = PBXGroup;
			children = (
				9B3FF3132BA1053E00C87F80 /* TrendingMovieViewTests.swift */,
			);
			path = TrendingMovies;
			sourceTree = "<group>";
		};
		9B3FF3162BA1053E00C87F80 /* SampleProjectTests */ = {
			isa = PBXGroup;
			children = (
				9B76681C2BA239D900F415F0 /* __Snapshots__ */,
				9B3FF3152BA1053E00C87F80 /* HelloWorldViewTests.swift */,
				9B7667F12BA1B1B500F415F0 /* TestNamespace.swift */,
				9B7667EE2BA1B0E500F415F0 /* Extensions */,
				9B3FF30B2BA1053E00C87F80 /* MovieDetails */,
				9B3FF3142BA1053E00C87F80 /* TrendingMovies */,
			);
			path = SampleProjectTests;
			sourceTree = "<group>";
		};
		9B3FF3262BA1054A00C87F80 /* App */ = {
			isa = PBXGroup;
			children = (
				9B3FF3252BA1054A00C87F80 /* SampleProjectApp.swift */,
			);
			path = App;
			sourceTree = "<group>";
		};
		9B3FF3282BA1054A00C87F80 /* Architecture */ = {
			isa = PBXGroup;
			children = (
				9B3FF3272BA1054A00C87F80 /* BasicLoadingState.swift */,
			);
			path = Architecture;
			sourceTree = "<group>";
		};
		9B3FF32A2BA1054A00C87F80 /* CustomAsyncImage */ = {
			isa = PBXGroup;
			children = (
				9B3FF3292BA1054A00C87F80 /* CustomAsyncImage.swift */,
			);
			path = CustomAsyncImage;
			sourceTree = "<group>";
		};
		9B3FF32C2BA1054A00C87F80 /* YoutubeVideoView */ = {
			isa = PBXGroup;
			children = (
				9B3FF32B2BA1054A00C87F80 /* YoutubeVideoView.swift */,
			);
			path = YoutubeVideoView;
			sourceTree = "<group>";
		};
		9B3FF32D2BA1054A00C87F80 /* Components */ = {
			isa = PBXGroup;
			children = (
				9B3FF32A2BA1054A00C87F80 /* CustomAsyncImage */,
				9B3FF32C2BA1054A00C87F80 /* YoutubeVideoView */,
			);
			path = Components;
			sourceTree = "<group>";
		};
		9B3FF3302BA1054A00C87F80 /* Config */ = {
			isa = PBXGroup;
			children = (
				9B3FF32E2BA1054A00C87F80 /* Secrets_SAMPLE.xcconfig */,
				9B3FF32F2BA1054A00C87F80 /* Secrets.xcconfig */,
			);
			path = Config;
			sourceTree = "<group>";
		};
		9B3FF3342BA1054A00C87F80 /* Models */ = {
			isa = PBXGroup;
			children = (
				9B3FF3312BA1054A00C87F80 /* Movie.swift */,
				9B3FF3322BA1054A00C87F80 /* SimklMovieID.swift */,
				9B3FF3332BA1054A00C87F80 /* TrendingMovie.swift */,
			);
			path = Models;
			sourceTree = "<group>";
		};
		9B3FF3372BA1054A00C87F80 /* Example */ = {
			isa = PBXGroup;
			children = (
				9B3FF3352BA1054A00C87F80 /* SampleCustomAsyncImage.swift */,
				9B3FF3362BA1054A00C87F80 /* SampleRemoteImage.swift */,
			);
			path = Example;
			sourceTree = "<group>";
		};
		9B3FF3392BA1054A00C87F80 /* HelloWorld */ = {
			isa = PBXGroup;
			children = (
				9B3FF3382BA1054A00C87F80 /* HelloWorldView.swift */,
			);
			path = HelloWorld;
			sourceTree = "<group>";
		};
		9B3FF33D2BA1054A00C87F80 /* MovieDetails */ = {
			isa = PBXGroup;
			children = (
				9B3FF33A2BA1054A00C87F80 /* MovieDetailPosterView.swift */,
				9B3FF33B2BA1054A00C87F80 /* MovieDetailsContainerView.swift */,
				9B3FF33C2BA1054A00C87F80 /* MovieDetailsView.swift */,
			);
			path = MovieDetails;
			sourceTree = "<group>";
		};
		9B3FF3402BA1054A00C87F80 /* TrendingMovies */ = {
			isa = PBXGroup;
			children = (
				9B3FF33E2BA1054A00C87F80 /* TrendingMovieList-Content.swift */,
				9B3FF33F2BA1054A00C87F80 /* TrendingMovieList.swift */,
			);
			path = TrendingMovies;
			sourceTree = "<group>";
		};
		9B3FF3412BA1054A00C87F80 /* Modules */ = {
			isa = PBXGroup;
			children = (
				9B3FF3372BA1054A00C87F80 /* Example */,
				9B3FF3392BA1054A00C87F80 /* HelloWorld */,
				9B3FF33D2BA1054A00C87F80 /* MovieDetails */,
				9B3FF3402BA1054A00C87F80 /* TrendingMovies */,
			);
			path = Modules;
			sourceTree = "<group>";
		};
		9B3FF3442BA1054A00C87F80 /* Requests */ = {
			isa = PBXGroup;
			children = (
				9B3FF3422BA1054A00C87F80 /* GetMovieDetailsRequest.swift */,
				9B3FF3432BA1054A00C87F80 /* GetTrendingMoviesWeekRequest.swift */,
			);
			path = Requests;
			sourceTree = "<group>";
		};
		9B3FF3472BA1054A00C87F80 /* Networking */ = {
			isa = PBXGroup;
			children = (
				9B3FF3442BA1054A00C87F80 /* Requests */,
				9B3FF3452BA1054A00C87F80 /* ApiConstants.swift */,
				9B3FF3462BA1054A00C87F80 /* SimklClient.swift */,
			);
			path = Networking;
			sourceTree = "<group>";
		};
		9B3FF3492BA1054A00C87F80 /* Preview Content */ = {
			isa = PBXGroup;
			children = (
				9B3FF3482BA1054A00C87F80 /* Preview Assets.xcassets */,
			);
			path = "Preview Content";
			sourceTree = "<group>";
		};
		9B3FF34D2BA1054A00C87F80 /* Resources */ = {
			isa = PBXGroup;
			children = (
				9B3FF3492BA1054A00C87F80 /* Preview Content */,
				9B3FF34A2BA1054A00C87F80 /* Assets.xcassets */,
				9B3FF34B2BA1054A00C87F80 /* Info.plist */,
				9B3FF34C2BA1054A00C87F80 /* Localizable.xcstrings */,
			);
			path = Resources;
			sourceTree = "<group>";
		};
		9B3FF34F2BA1054A00C87F80 /* Utils */ = {
			isa = PBXGroup;
			children = (
				9B3FF34E2BA1054A00C87F80 /* ImageCdnURL.swift */,
			);
			path = Utils;
			sourceTree = "<group>";
		};
		9B3FF3502BA1054A00C87F80 /* SampleProject */ = {
			isa = PBXGroup;
			children = (
				9B3FF3262BA1054A00C87F80 /* App */,
				9B3FF3282BA1054A00C87F80 /* Architecture */,
				9B3FF32D2BA1054A00C87F80 /* Components */,
				9B3FF3302BA1054A00C87F80 /* Config */,
				9B3FF3342BA1054A00C87F80 /* Models */,
				9B3FF3412BA1054A00C87F80 /* Modules */,
				9B3FF3472BA1054A00C87F80 /* Networking */,
				9B3FF34D2BA1054A00C87F80 /* Resources */,
				9B3FF34F2BA1054A00C87F80 /* Utils */,
			);
			path = SampleProject;
			sourceTree = "<group>";
		};
		9B7667EE2BA1B0E500F415F0 /* Extensions */ = {
			isa = PBXGroup;
			children = (
				9B7667F52BA2369000F415F0 /* SnapshotTesting */,
			);
			path = Extensions;
			sourceTree = "<group>";
		};
		9B7667F52BA2369000F415F0 /* SnapshotTesting */ = {
			isa = PBXGroup;
			children = (
				9B7667F62BA2369C00F415F0 /* SnapshotDeviceType.swift */,
				9B7667FC2BA237C000F415F0 /* SnapshotTestContext.swift */,
				9B7667FA2BA2377900F415F0 /* UITraitCollection-Extensions.swift */,
				9B7667FE2BA237ED00F415F0 /* ViewImageConfig-Extensions.swift */,
				9B7667EF2BA1B0F300F415F0 /* XCTestCase-Extensions.swift */,
			);
			path = SnapshotTesting;
			sourceTree = "<group>";
		};
		9BBB7CB62B653E4700393882 = {
			isa = PBXGroup;
			children = (
				9B5C6BD82B6C1F0600D3AEE1 /* README.md */,
				9BEF4A8D2BA10C240001B853 /* ci_scripts */,
				9BBB7CC02B653E4800393882 /* Products */,
				9B3FF3502BA1054A00C87F80 /* SampleProject */,
				9B3FF3162BA1053E00C87F80 /* SampleProjectTests */,
				9BFEA0062BC958370039E2DB /* TestPlans */,
			);
			sourceTree = "<group>";
		};
		9BBB7CC02B653E4800393882 /* Products */ = {
			isa = PBXGroup;
			children = (
				9BBB7CBF2B653E4800393882 /* SampleProject.app */,
				9BD958872B66E0380073C8E7 /* SampleProjectTests.xctest */,
			);
			name = Products;
			sourceTree = "<group>";
		};
		9BEF4A8D2BA10C240001B853 /* ci_scripts */ = {
			isa = PBXGroup;
			children = (
				9BEF4A8C2BA10C240001B853 /* ci_post_clone.sh */,
			);
			path = ci_scripts;
			sourceTree = "<group>";
		};
		9BFEA0062BC958370039E2DB /* TestPlans */ = {
			isa = PBXGroup;
			children = (
				9BFEA0072BC9584F0039E2DB /* Tests.xctestplan */,
			);
			path = TestPlans;
			sourceTree = "<group>";
		};
/* End PBXGroup section */

/* Begin PBXNativeTarget section */
		9BBB7CBE2B653E4700393882 /* SampleProject */ = {
			isa = PBXNativeTarget;
			buildConfigurationList = 9BBB7CCD2B653E4900393882 /* Build configuration list for PBXNativeTarget "SampleProject" */;
			buildPhases = (
				9BBB7CBB2B653E4700393882 /* Sources */,
				9BBB7CBC2B653E4700393882 /* Frameworks */,
				9BBB7CBD2B653E4700393882 /* Resources */,
			);
			buildRules = (
			);
			dependencies = (
			);
			name = SampleProject;
			packageProductDependencies = (
				9BD958942B66E0A10073C8E7 /* Tagged */,
			);
			productName = "Sample Project";
			productReference = 9BBB7CBF2B653E4800393882 /* SampleProject.app */;
			productType = "com.apple.product-type.application";
		};
		9BD958862B66E0380073C8E7 /* SampleProjectTests */ = {
			isa = PBXNativeTarget;
			buildConfigurationList = 9BD9588F2B66E0380073C8E7 /* Build configuration list for PBXNativeTarget "SampleProjectTests" */;
			buildPhases = (
				9BD958832B66E0380073C8E7 /* Sources */,
				9BD958842B66E0380073C8E7 /* Frameworks */,
				9BD958852B66E0380073C8E7 /* Resources */,
			);
			buildRules = (
			);
			dependencies = (
				9BD9588C2B66E0380073C8E7 /* PBXTargetDependency */,
			);
			name = SampleProjectTests;
			packageProductDependencies = (
				9BD958912B66E0590073C8E7 /* SnapshotTesting */,
			);
			productName = "Sample ProjectTests";
			productReference = 9BD958872B66E0380073C8E7 /* SampleProjectTests.xctest */;
			productType = "com.apple.product-type.bundle.unit-test";
		};
/* End PBXNativeTarget section */

/* Begin PBXProject section */
		9BBB7CB72B653E4700393882 /* Project object */ = {
			isa = PBXProject;
			attributes = {
				BuildIndependentTargetsInParallel = 1;
				LastSwiftUpdateCheck = 1520;
				LastUpgradeCheck = 1530;
				TargetAttributes = {
					9BBB7CBE2B653E4700393882 = {
						CreatedOnToolsVersion = 15.2;
					};
					9BD958862B66E0380073C8E7 = {
						CreatedOnToolsVersion = 15.2;
						LastSwiftMigration = 1520;
						TestTargetID = 9BBB7CBE2B653E4700393882;
					};
				};
			};
			buildConfigurationList = 9BBB7CBA2B653E4700393882 /* Build configuration list for PBXProject "SampleProject" */;
			compatibilityVersion = "Xcode 14.0";
			developmentRegion = en;
			hasScannedForEncodings = 0;
			knownRegions = (
				en,
				Base,
				es,
				nb,
			);
			mainGroup = 9BBB7CB62B653E4700393882;
			packageReferences = (
				9BD958902B66E0590073C8E7 /* XCRemoteSwiftPackageReference "swift-snapshot-testing" */,
				9BD958932B66E0A10073C8E7 /* XCRemoteSwiftPackageReference "swift-tagged" */,
			);
			productRefGroup = 9BBB7CC02B653E4800393882 /* Products */;
			projectDirPath = "";
			projectRoot = "";
			targets = (
				9BBB7CBE2B653E4700393882 /* SampleProject */,
				9BD958862B66E0380073C8E7 /* SampleProjectTests */,
			);
		};
/* End PBXProject section */

/* Begin PBXResourcesBuildPhase section */
		9BBB7CBD2B653E4700393882 /* Resources */ = {
			isa = PBXResourcesBuildPhase;
			buildActionMask = 2147483647;
			files = (
				9B3FF3662BA1054B00C87F80 /* Preview Assets.xcassets in Resources */,
				9B3FF3692BA1054B00C87F80 /* Localizable.xcstrings in Resources */,
				9B3FF3672BA1054B00C87F80 /* Assets.xcassets in Resources */,
			);
			runOnlyForDeploymentPostprocessing = 0;
		};
		9BD958852B66E0380073C8E7 /* Resources */ = {
			isa = PBXResourcesBuildPhase;
			buildActionMask = 2147483647;
			files = (
				9B76681D2BA239D900F415F0 /* __Snapshots__ in Resources */,
			);
			runOnlyForDeploymentPostprocessing = 0;
		};
/* End PBXResourcesBuildPhase section */

/* Begin PBXSourcesBuildPhase section */
		9BBB7CBB2B653E4700393882 /* Sources */ = {
			isa = PBXSourcesBuildPhase;
			buildActionMask = 2147483647;
			files = (
				9B3FF3642BA1054B00C87F80 /* ApiConstants.swift in Sources */,
				9B3FF3592BA1054B00C87F80 /* TrendingMovie.swift in Sources */,
				9B3FF35B2BA1054B00C87F80 /* SampleRemoteImage.swift in Sources */,
				9B3FF35A2BA1054B00C87F80 /* SampleCustomAsyncImage.swift in Sources */,
				9B3FF3572BA1054B00C87F80 /* Movie.swift in Sources */,
				9B3FF3612BA1054B00C87F80 /* TrendingMovieList.swift in Sources */,
				9B3FF3652BA1054B00C87F80 /* SimklClient.swift in Sources */,
				9B3FF3522BA1054A00C87F80 /* BasicLoadingState.swift in Sources */,
				9B3FF3532BA1054B00C87F80 /* CustomAsyncImage.swift in Sources */,
				9B3FF3582BA1054B00C87F80 /* SimklMovieID.swift in Sources */,
				9B3FF36A2BA1054B00C87F80 /* ImageCdnURL.swift in Sources */,
				9B3FF3622BA1054B00C87F80 /* GetMovieDetailsRequest.swift in Sources */,
				9B3FF3542BA1054B00C87F80 /* YoutubeVideoView.swift in Sources */,
				9B3FF3512BA1054A00C87F80 /* SampleProjectApp.swift in Sources */,
				9B3FF35F2BA1054B00C87F80 /* MovieDetailsView.swift in Sources */,
				9B3FF35D2BA1054B00C87F80 /* MovieDetailPosterView.swift in Sources */,
				9B3FF35C2BA1054B00C87F80 /* HelloWorldView.swift in Sources */,
				9B3FF3602BA1054B00C87F80 /* TrendingMovieList-Content.swift in Sources */,
				9B3FF35E2BA1054B00C87F80 /* MovieDetailsContainerView.swift in Sources */,
				9B3FF3632BA1054B00C87F80 /* GetTrendingMoviesWeekRequest.swift in Sources */,
			);
			runOnlyForDeploymentPostprocessing = 0;
		};
		9BD958832B66E0380073C8E7 /* Sources */ = {
			isa = PBXSourcesBuildPhase;
			buildActionMask = 2147483647;
			files = (
				9B7667FB2BA2377900F415F0 /* UITraitCollection-Extensions.swift in Sources */,
				9B7667F22BA1B1B500F415F0 /* TestNamespace.swift in Sources */,
				9B7667FF2BA237ED00F415F0 /* ViewImageConfig-Extensions.swift in Sources */,
				9B7667F72BA2369C00F415F0 /* SnapshotDeviceType.swift in Sources */,
				9B7667F02BA1B0F300F415F0 /* XCTestCase-Extensions.swift in Sources */,
				9B3FF3232BA1053E00C87F80 /* TrendingMovieViewTests.swift in Sources */,
				9B7667FD2BA237C000F415F0 /* SnapshotTestContext.swift in Sources */,
				9B3FF31D2BA1053E00C87F80 /* MovieDetailsViewTests.swift in Sources */,
				9B3FF3242BA1053E00C87F80 /* HelloWorldViewTests.swift in Sources */,
			);
			runOnlyForDeploymentPostprocessing = 0;
		};
/* End PBXSourcesBuildPhase section */

/* Begin PBXTargetDependency section */
		9BD9588C2B66E0380073C8E7 /* PBXTargetDependency */ = {
			isa = PBXTargetDependency;
			target = 9BBB7CBE2B653E4700393882 /* SampleProject */;
			targetProxy = 9BD9588B2B66E0380073C8E7 /* PBXContainerItemProxy */;
		};
/* End PBXTargetDependency section */

/* Begin XCBuildConfiguration section */
		9BBB7CCB2B653E4900393882 /* Debug */ = {
			isa = XCBuildConfiguration;
			buildSettings = {
				ALWAYS_SEARCH_USER_PATHS = NO;
				ASSETCATALOG_COMPILER_GENERATE_SWIFT_ASSET_SYMBOL_EXTENSIONS = YES;
				CLANG_ANALYZER_LOCALIZABILITY_NONLOCALIZED = YES;
				CLANG_ANALYZER_NONNULL = YES;
				CLANG_ANALYZER_NUMBER_OBJECT_CONVERSION = YES_AGGRESSIVE;
				CLANG_CXX_LANGUAGE_STANDARD = "gnu++20";
				CLANG_ENABLE_MODULES = YES;
				CLANG_ENABLE_OBJC_ARC = YES;
				CLANG_ENABLE_OBJC_WEAK = YES;
				CLANG_WARN_BLOCK_CAPTURE_AUTORELEASING = YES;
				CLANG_WARN_BOOL_CONVERSION = YES;
				CLANG_WARN_COMMA = YES;
				CLANG_WARN_CONSTANT_CONVERSION = YES;
				CLANG_WARN_DEPRECATED_OBJC_IMPLEMENTATIONS = YES;
				CLANG_WARN_DIRECT_OBJC_ISA_USAGE = YES_ERROR;
				CLANG_WARN_DOCUMENTATION_COMMENTS = YES;
				CLANG_WARN_EMPTY_BODY = YES;
				CLANG_WARN_ENUM_CONVERSION = YES;
				CLANG_WARN_INFINITE_RECURSION = YES;
				CLANG_WARN_INT_CONVERSION = YES;
				CLANG_WARN_NON_LITERAL_NULL_CONVERSION = YES;
				CLANG_WARN_OBJC_IMPLICIT_RETAIN_SELF = YES;
				CLANG_WARN_OBJC_LITERAL_CONVERSION = YES;
				CLANG_WARN_OBJC_ROOT_CLASS = YES_ERROR;
				CLANG_WARN_QUOTED_INCLUDE_IN_FRAMEWORK_HEADER = YES;
				CLANG_WARN_RANGE_LOOP_ANALYSIS = YES;
				CLANG_WARN_STRICT_PROTOTYPES = YES;
				CLANG_WARN_SUSPICIOUS_MOVE = YES;
				CLANG_WARN_UNGUARDED_AVAILABILITY = YES_AGGRESSIVE;
				CLANG_WARN_UNREACHABLE_CODE = YES;
				CLANG_WARN__DUPLICATE_METHOD_MATCH = YES;
				COPY_PHASE_STRIP = NO;
				DEBUG_INFORMATION_FORMAT = dwarf;
				ENABLE_STRICT_OBJC_MSGSEND = YES;
				ENABLE_TESTABILITY = YES;
				ENABLE_USER_SCRIPT_SANDBOXING = YES;
				GCC_C_LANGUAGE_STANDARD = gnu17;
				GCC_DYNAMIC_NO_PIC = NO;
				GCC_NO_COMMON_BLOCKS = YES;
				GCC_OPTIMIZATION_LEVEL = 0;
				GCC_PREPROCESSOR_DEFINITIONS = (
					"DEBUG=1",
					"$(inherited)",
				);
				GCC_WARN_64_TO_32_BIT_CONVERSION = YES;
				GCC_WARN_ABOUT_RETURN_TYPE = YES_ERROR;
				GCC_WARN_UNDECLARED_SELECTOR = YES;
				GCC_WARN_UNINITIALIZED_AUTOS = YES_AGGRESSIVE;
				GCC_WARN_UNUSED_FUNCTION = YES;
				GCC_WARN_UNUSED_VARIABLE = YES;
				IPHONEOS_DEPLOYMENT_TARGET = 17.2;
				LOCALIZATION_PREFERS_STRING_CATALOGS = YES;
				MTL_ENABLE_DEBUG_INFO = INCLUDE_SOURCE;
				MTL_FAST_MATH = YES;
				ONLY_ACTIVE_ARCH = YES;
				SDKROOT = iphoneos;
				SWIFT_ACTIVE_COMPILATION_CONDITIONS = "DEBUG $(inherited)";
				SWIFT_OPTIMIZATION_LEVEL = "-Onone";
			};
			name = Debug;
		};
		9BBB7CCC2B653E4900393882 /* Release */ = {
			isa = XCBuildConfiguration;
			buildSettings = {
				ALWAYS_SEARCH_USER_PATHS = NO;
				ASSETCATALOG_COMPILER_GENERATE_SWIFT_ASSET_SYMBOL_EXTENSIONS = YES;
				CLANG_ANALYZER_LOCALIZABILITY_NONLOCALIZED = YES;
				CLANG_ANALYZER_NONNULL = YES;
				CLANG_ANALYZER_NUMBER_OBJECT_CONVERSION = YES_AGGRESSIVE;
				CLANG_CXX_LANGUAGE_STANDARD = "gnu++20";
				CLANG_ENABLE_MODULES = YES;
				CLANG_ENABLE_OBJC_ARC = YES;
				CLANG_ENABLE_OBJC_WEAK = YES;
				CLANG_WARN_BLOCK_CAPTURE_AUTORELEASING = YES;
				CLANG_WARN_BOOL_CONVERSION = YES;
				CLANG_WARN_COMMA = YES;
				CLANG_WARN_CONSTANT_CONVERSION = YES;
				CLANG_WARN_DEPRECATED_OBJC_IMPLEMENTATIONS = YES;
				CLANG_WARN_DIRECT_OBJC_ISA_USAGE = YES_ERROR;
				CLANG_WARN_DOCUMENTATION_COMMENTS = YES;
				CLANG_WARN_EMPTY_BODY = YES;
				CLANG_WARN_ENUM_CONVERSION = YES;
				CLANG_WARN_INFINITE_RECURSION = YES;
				CLANG_WARN_INT_CONVERSION = YES;
				CLANG_WARN_NON_LITERAL_NULL_CONVERSION = YES;
				CLANG_WARN_OBJC_IMPLICIT_RETAIN_SELF = YES;
				CLANG_WARN_OBJC_LITERAL_CONVERSION = YES;
				CLANG_WARN_OBJC_ROOT_CLASS = YES_ERROR;
				CLANG_WARN_QUOTED_INCLUDE_IN_FRAMEWORK_HEADER = YES;
				CLANG_WARN_RANGE_LOOP_ANALYSIS = YES;
				CLANG_WARN_STRICT_PROTOTYPES = YES;
				CLANG_WARN_SUSPICIOUS_MOVE = YES;
				CLANG_WARN_UNGUARDED_AVAILABILITY = YES_AGGRESSIVE;
				CLANG_WARN_UNREACHABLE_CODE = YES;
				CLANG_WARN__DUPLICATE_METHOD_MATCH = YES;
				COPY_PHASE_STRIP = NO;
				DEBUG_INFORMATION_FORMAT = "dwarf-with-dsym";
				ENABLE_NS_ASSERTIONS = NO;
				ENABLE_STRICT_OBJC_MSGSEND = YES;
				ENABLE_USER_SCRIPT_SANDBOXING = YES;
				GCC_C_LANGUAGE_STANDARD = gnu17;
				GCC_NO_COMMON_BLOCKS = YES;
				GCC_WARN_64_TO_32_BIT_CONVERSION = YES;
				GCC_WARN_ABOUT_RETURN_TYPE = YES_ERROR;
				GCC_WARN_UNDECLARED_SELECTOR = YES;
				GCC_WARN_UNINITIALIZED_AUTOS = YES_AGGRESSIVE;
				GCC_WARN_UNUSED_FUNCTION = YES;
				GCC_WARN_UNUSED_VARIABLE = YES;
				IPHONEOS_DEPLOYMENT_TARGET = 17.2;
				LOCALIZATION_PREFERS_STRING_CATALOGS = YES;
				MTL_ENABLE_DEBUG_INFO = NO;
				MTL_FAST_MATH = YES;
				SDKROOT = iphoneos;
				SWIFT_COMPILATION_MODE = wholemodule;
				VALIDATE_PRODUCT = YES;
			};
			name = Release;
		};
		9BBB7CCE2B653E4900393882 /* Debug */ = {
			isa = XCBuildConfiguration;
			buildSettings = {
				ASSETCATALOG_COMPILER_APPICON_NAME = AppIcon;
				ASSETCATALOG_COMPILER_GLOBAL_ACCENT_COLOR_NAME = AccentColor;
				CODE_SIGN_STYLE = Automatic;
				CURRENT_PROJECT_VERSION = 1;
				DEVELOPMENT_ASSET_PATHS = "\"SampleProject/Resources/Preview Content\"";
				DEVELOPMENT_TEAM = 4E6CZX3H5W;
				ENABLE_PREVIEWS = YES;
				GENERATE_INFOPLIST_FILE = YES;
				INFOPLIST_FILE = SampleProject/Resources/Info.plist;
				INFOPLIST_KEY_UIApplicationSceneManifest_Generation = YES;
				INFOPLIST_KEY_UIApplicationSupportsIndirectInputEvents = YES;
				INFOPLIST_KEY_UILaunchScreen_Generation = YES;
				INFOPLIST_KEY_UISupportedInterfaceOrientations_iPad = "UIInterfaceOrientationPortrait UIInterfaceOrientationPortraitUpsideDown UIInterfaceOrientationLandscapeLeft UIInterfaceOrientationLandscapeRight";
				INFOPLIST_KEY_UISupportedInterfaceOrientations_iPhone = "UIInterfaceOrientationPortrait UIInterfaceOrientationLandscapeLeft UIInterfaceOrientationLandscapeRight";
				LD_RUNPATH_SEARCH_PATHS = (
					"$(inherited)",
					"@executable_path/Frameworks",
				);
				MARKETING_VERSION = 1.0;
				PRODUCT_BUNDLE_IDENTIFIER = "com.fespinozacast.youtube.sample.Sample-Project";
				PRODUCT_NAME = "$(TARGET_NAME)";
				SWIFT_EMIT_LOC_STRINGS = YES;
				SWIFT_VERSION = 5.0;
				TARGETED_DEVICE_FAMILY = "1,2";
			};
			name = Debug;
		};
		9BBB7CCF2B653E4900393882 /* Release */ = {
			isa = XCBuildConfiguration;
			buildSettings = {
				ASSETCATALOG_COMPILER_APPICON_NAME = AppIcon;
				ASSETCATALOG_COMPILER_GLOBAL_ACCENT_COLOR_NAME = AccentColor;
				CODE_SIGN_STYLE = Automatic;
				CURRENT_PROJECT_VERSION = 1;
				DEVELOPMENT_ASSET_PATHS = "\"SampleProject/Resources/Preview Content\"";
				DEVELOPMENT_TEAM = 4E6CZX3H5W;
				ENABLE_PREVIEWS = YES;
				GENERATE_INFOPLIST_FILE = YES;
				INFOPLIST_FILE = SampleProject/Resources/Info.plist;
				INFOPLIST_KEY_UIApplicationSceneManifest_Generation = YES;
				INFOPLIST_KEY_UIApplicationSupportsIndirectInputEvents = YES;
				INFOPLIST_KEY_UILaunchScreen_Generation = YES;
				INFOPLIST_KEY_UISupportedInterfaceOrientations_iPad = "UIInterfaceOrientationPortrait UIInterfaceOrientationPortraitUpsideDown UIInterfaceOrientationLandscapeLeft UIInterfaceOrientationLandscapeRight";
				INFOPLIST_KEY_UISupportedInterfaceOrientations_iPhone = "UIInterfaceOrientationPortrait UIInterfaceOrientationLandscapeLeft UIInterfaceOrientationLandscapeRight";
				LD_RUNPATH_SEARCH_PATHS = (
					"$(inherited)",
					"@executable_path/Frameworks",
				);
				MARKETING_VERSION = 1.0;
				PRODUCT_BUNDLE_IDENTIFIER = "com.fespinozacast.youtube.sample.Sample-Project";
				PRODUCT_NAME = "$(TARGET_NAME)";
				SWIFT_EMIT_LOC_STRINGS = YES;
				SWIFT_VERSION = 5.0;
				TARGETED_DEVICE_FAMILY = "1,2";
			};
			name = Release;
		};
		9BD9588D2B66E0380073C8E7 /* Debug */ = {
			isa = XCBuildConfiguration;
			buildSettings = {
				BUNDLE_LOADER = "$(TEST_HOST)";
				CLANG_ENABLE_MODULES = YES;
				CODE_SIGN_STYLE = Automatic;
				CURRENT_PROJECT_VERSION = 1;
				DEVELOPMENT_TEAM = 2Z7R9FQBNN;
				GENERATE_INFOPLIST_FILE = YES;
				MARKETING_VERSION = 1.0;
				PRODUCT_BUNDLE_IDENTIFIER = "com.fespinozacast.youtube.sample.Sample-ProjectTests";
				PRODUCT_NAME = "$(TARGET_NAME)";
				SWIFT_EMIT_LOC_STRINGS = NO;
				SWIFT_OPTIMIZATION_LEVEL = "-Onone";
				SWIFT_VERSION = 5.0;
				TARGETED_DEVICE_FAMILY = "1,2";
				TEST_HOST = "$(BUILT_PRODUCTS_DIR)/SampleProject.app/$(BUNDLE_EXECUTABLE_FOLDER_PATH)/SampleProject";
			};
			name = Debug;
		};
		9BD9588E2B66E0380073C8E7 /* Release */ = {
			isa = XCBuildConfiguration;
			buildSettings = {
				BUNDLE_LOADER = "$(TEST_HOST)";
				CLANG_ENABLE_MODULES = YES;
				CODE_SIGN_STYLE = Automatic;
				CURRENT_PROJECT_VERSION = 1;
				DEVELOPMENT_TEAM = 2Z7R9FQBNN;
				GENERATE_INFOPLIST_FILE = YES;
				MARKETING_VERSION = 1.0;
				PRODUCT_BUNDLE_IDENTIFIER = "com.fespinozacast.youtube.sample.Sample-ProjectTests";
				PRODUCT_NAME = "$(TARGET_NAME)";
				SWIFT_EMIT_LOC_STRINGS = NO;
				SWIFT_VERSION = 5.0;
				TARGETED_DEVICE_FAMILY = "1,2";
				TEST_HOST = "$(BUILT_PRODUCTS_DIR)/SampleProject.app/$(BUNDLE_EXECUTABLE_FOLDER_PATH)/SampleProject";
			};
			name = Release;
		};
/* End XCBuildConfiguration section */

/* Begin XCConfigurationList section */
		9BBB7CBA2B653E4700393882 /* Build configuration list for PBXProject "SampleProject" */ = {
			isa = XCConfigurationList;
			buildConfigurations = (
				9BBB7CCB2B653E4900393882 /* Debug */,
				9BBB7CCC2B653E4900393882 /* Release */,
			);
			defaultConfigurationIsVisible = 0;
			defaultConfigurationName = Release;
		};
		9BBB7CCD2B653E4900393882 /* Build configuration list for PBXNativeTarget "SampleProject" */ = {
			isa = XCConfigurationList;
			buildConfigurations = (
				9BBB7CCE2B653E4900393882 /* Debug */,
				9BBB7CCF2B653E4900393882 /* Release */,
			);
			defaultConfigurationIsVisible = 0;
			defaultConfigurationName = Release;
		};
		9BD9588F2B66E0380073C8E7 /* Build configuration list for PBXNativeTarget "SampleProjectTests" */ = {
			isa = XCConfigurationList;
			buildConfigurations = (
				9BD9588D2B66E0380073C8E7 /* Debug */,
				9BD9588E2B66E0380073C8E7 /* Release */,
			);
			defaultConfigurationIsVisible = 0;
			defaultConfigurationName = Release;
		};
/* End XCConfigurationList section */

/* Begin XCRemoteSwiftPackageReference section */
		9BD958902B66E0590073C8E7 /* XCRemoteSwiftPackageReference "swift-snapshot-testing" */ = {
			isa = XCRemoteSwiftPackageReference;
			repositoryURL = "https://github.com/pointfreeco/swift-snapshot-testing";
			requirement = {
				kind = upToNextMajorVersion;
				minimumVersion = 1.15.2;
			};
		};
		9BD958932B66E0A10073C8E7 /* XCRemoteSwiftPackageReference "swift-tagged" */ = {
			isa = XCRemoteSwiftPackageReference;
			repositoryURL = "https://github.com/pointfreeco/swift-tagged";
			requirement = {
				kind = upToNextMajorVersion;
				minimumVersion = 0.10.0;
			};
		};
/* End XCRemoteSwiftPackageReference section */

/* Begin XCSwiftPackageProductDependency section */
		9BD958912B66E0590073C8E7 /* SnapshotTesting */ = {
			isa = XCSwiftPackageProductDependency;
			package = 9BD958902B66E0590073C8E7 /* XCRemoteSwiftPackageReference "swift-snapshot-testing" */;
			productName = SnapshotTesting;
		};
		9BD958942B66E0A10073C8E7 /* Tagged */ = {
			isa = XCSwiftPackageProductDependency;
			package = 9BD958932B66E0A10073C8E7 /* XCRemoteSwiftPackageReference "swift-tagged" */;
			productName = Tagged;
		};
/* End XCSwiftPackageProductDependency section */
	};
	rootObject = 9BBB7CB72B653E4700393882 /* Project object */;
}
